Microsoft Visual Studio Solution File, Format Version 12.00
# Visual Studio Version 17
VisualStudioVersion = 17.5.2.0
MinimumVisualStudioVersion = 10.0.40219.1
Project("{FAE04EC0-301F-11D3-BF4B-00C04F79EFBC}") = "oedibud", "oedibud.csproj", "{8669B588-F275-4D61-B1ED-880C6E23C1FC}"
EndProject
Global
	GlobalSection(SolutionConfigurationPlatforms) = preSolution
		Debug|Any CPU = Debug|Any CPU
		Release|Any CPU = Release|Any CPU
	EndGlobalSection
	GlobalSection(ProjectConfigurationPlatforms) = postSolution
		{8669B588-F275-4D61-B1ED-880C6E23C1FC}.Debug|Any CPU.ActiveCfg = Debug|Any CPU
		{8669B588-F275-4D61-B1ED-880C6E23C1FC}.Debug|Any CPU.Build.0 = Debug|Any CPU
		{8669B588-F275-4D61-B1ED-880C6E23C1FC}.Release|Any CPU.ActiveCfg = Release|Any CPU
		{8669B588-F275-4D61-B1ED-880C6E23C1FC}.Release|Any CPU.Build.0 = Release|Any CPU
	EndGlobalSection
	GlobalSection(SolutionProperties) = preSolution
		HideSolutionNode = FALSE
	EndGlobalSection
	GlobalSection(ExtensibilityGlobals) = postSolution
		SolutionGuid = {E3855A99-F00D-44F9-835C-DCC1E2DE4E56}
	EndGlobalSection
EndGlobal
